# This file is autogenerated, do not edit; changes may be undone by the next 'dep ensure'.


[[projects]]
  digest = "1:a278d57d6315d6f405dbaebdece8eb0a17e243e5f96456b00bfc0dbfb3fe3286"
  name = "github.com/radovskyb/watcher"
  packages = ["."]
  pruneopts = "UT"
  revision = "f5989f8deca223d590d5a130c77ea375fe9fde30"
  version = "v1.0.7"

[solve-meta]
  analyzer-name = "dep"
  analyzer-version = 1
  input-imports = ["github.com/radovskyb/watcher"]
  solver-name = "gps-cdcl"
  solver-version = 1
